
Microsoft Visual Studio Solution File, Format Version 12.00
# Visual Studio Version 16
VisualStudioVersion = 16.0.30503.244
MinimumVisualStudioVersion = 10.0.40219.1
Project("{FAE04EC0-301F-11D3-BF4B-00C04F79EFBC}") = "CanteenOrderingSystem", "CanteenOrderingSystem\CanteenOrderingSystem.csproj", "{AE1C039F-EFD8-406F-B628-89793C253CE5}"
EndProject
Global
	GlobalSection(SolutionConfigurationPlatforms) = preSolution
		Debug|Any CPU = Debug|Any CPU
		Release|Any CPU = Release|Any CPU
	EndGlobalSection
	GlobalSection(ProjectConfigurationPlatforms) = postSolution
		{AE1C039F-EFD8-406F-B628-89793C253CE5}.Debug|Any CPU.ActiveCfg = Debug|Any CPU
		{AE1C039F-EFD8-406F-B628-89793C253CE5}.Debug|Any CPU.Build.0 = Debug|Any CPU
		{AE1C039F-EFD8-406F-B628-89793C253CE5}.Release|Any CPU.ActiveCfg = Release|Any CPU
		{AE1C039F-EFD8-406F-B628-89793C253CE5}.Release|Any CPU.Build.0 = Release|Any CPU
	EndGlobalSection
	GlobalSection(SolutionProperties) = preSolution
		HideSolutionNode = FALSE
	EndGlobalSection
	GlobalSection(ExtensibilityGlobals) = postSolution
		SolutionGuid = {75DE09B6-4A5B-40E2-BC6B-D6CCC136EB97}
	EndGlobalSection
EndGlobal
